Microsoft Visual Studio Solution File, Format Version 12.00
# Visual Studio Version 17
VisualStudioVersion = 17.5.2.0
MinimumVisualStudioVersion = 10.0.40219.1
Project("{FAE04EC0-301F-11D3-BF4B-00C04F79EFBC}") = "FarmaciaApp", "FarmaciaApp.csproj", "{30041BB7-3806-4913-3D09-3BAE6D30EB11}"
EndProject
Global
	GlobalSection(SolutionConfigurationPlatforms) = preSolution
		Debug|Any CPU = Debug|Any CPU
		Release|Any CPU = Release|Any CPU
	EndGlobalSection
	GlobalSection(ProjectConfigurationPlatforms) = postSolution
		{30041BB7-3806-4913-3D09-3BAE6D30EB11}.Debug|Any CPU.ActiveCfg = Debug|Any CPU
		{30041BB7-3806-4913-3D09-3BAE6D30EB11}.Debug|Any CPU.Build.0 = Debug|Any CPU
		{30041BB7-3806-4913-3D09-3BAE6D30EB11}.Release|Any CPU.ActiveCfg = Release|Any CPU
		{30041BB7-3806-4913-3D09-3BAE6D30EB11}.Release|Any CPU.Build.0 = Release|Any CPU
	EndGlobalSection
	GlobalSection(SolutionProperties) = preSolution
		HideSolutionNode = FALSE
	EndGlobalSection
	GlobalSection(ExtensibilityGlobals) = postSolution
		SolutionGuid = {BFD49001-5A17-41BB-B959-59FA78F80682}
	EndGlobalSection
EndGlobal
